{
  "requires": true,
  "lockfileVersion": 1,
  "dependencies": {
    "@babel/runtime": {
      "version": "7.4.5",
      "resolved": "https://registry.npmjs.org/@babel/runtime/-/runtime-7.4.5.tgz",
      "integrity": "sha512-TuI4qpWZP6lGOGIuGWtp9sPluqYICmbk8T/1vpSysqJxRPkudh/ofFWyqdcMsDf2s7KvDL4/YHgKyvcS3g9CJQ==",
      "requires": {
        "regenerator-runtime": "^0.13.2"
      }
    },
    "@fusioncharts/charts": {
      "version": "3.15.0",
      "resolved": "https://registry.npmjs.org/@fusioncharts/charts/-/charts-3.15.0.tgz",
      "integrity": "sha512-Fj0qGES0uiZOhoVihz3pPN9HGiMWo4kCt0SVjtezqjoxAmjTqzZyV03yAJ7mbgYYUxuNOtYZYkK32t8SkVaPpg==",
      "requires": {
        "@babel/runtime": "7.4.5",
        "@fusioncharts/core": "^1.0.2",
        "@fusioncharts/features": "^1.0.2",
        "@fusioncharts/utils": "^1.0.2"
      }
    },
    "@fusioncharts/constructor": {
      "version": "1.0.2",
      "resolved": "https://registry.npmjs.org/@fusioncharts/constructor/-/constructor-1.0.2.tgz",
      "integrity": "sha512-d6nsn3olLeEmYXud89x1Y76UNL4plzLR/ZqXJgC3MxQSVgPe1oEizaLQTExpYc1FynqTjuKaEb3r5jK5i/ci6A==",
      "requires": {
        "@babel/runtime": "7.4.5",
        "@fusioncharts/core": "^1.0.2",
        "@fusioncharts/maps": "^3.15.0"
      }
    },
    "@fusioncharts/core": {
      "version": "1.0.2",
      "resolved": "https://registry.npmjs.org/@fusioncharts/core/-/core-1.0.2.tgz",
      "integrity": "sha512-lk1n5tiAg6xz+G7GBuFDj4BvY7WEUOrdZYZ6bhwuovBQ+4WDAnORikxCaDwwP4MTs4AhBDN6WNZzRnQbVyVNCQ==",
      "requires": {
        "@babel/runtime": "7.4.5",
        "@fusioncharts/utils": "^1.0.2",
        "core-js": "^3.0.1",
        "ramda": "^0.25.0"
      }
    },
    "@fusioncharts/datatable": {
      "version": "1.0.2",
      "resolved": "https://registry.npmjs.org/@fusioncharts/datatable/-/datatable-1.0.2.tgz",
      "integrity": "sha512-kai8RMAECc9M6UlidStBWRC3qRiMm5XU+ZZgTiTzCTpvmSJ6QiTfjkwqRx5pYq2+0Xiqr3D+9f+OLaRVyVGq0g==",
      "requires": {
        "@babel/runtime": "7.4.5",
        "@fusioncharts/utils": "^1.0.2"
      }
    },
    "@fusioncharts/features": {
      "version": "1.0.2",
      "resolved": "https://registry.npmjs.org/@fusioncharts/features/-/features-1.0.2.tgz",
      "integrity": "sha512-9TfX2wztrP9CMjGbegWJA22l13KtP6fQObpNlkp/cqHVZ5jkKWZfK+sABrsZKsxXMqfKn+nkDuDYHCU931YeQQ==",
      "requires": {
        "@babel/runtime": "7.4.5",
        "@fusioncharts/core": "^1.0.2",
        "@fusioncharts/utils": "^1.0.2"
      }
    },
    "@fusioncharts/fusiontime": {
      "version": "2.0.0",
      "resolved": "https://registry.npmjs.org/@fusioncharts/fusiontime/-/fusiontime-2.0.0.tgz",
      "integrity": "sha512-430wsxoUB7h+LiwQYorKr9Ujp9mPamJSuSKXc0us+9ca7BAyUnh5NR8w6Y55EMSddx/CwIjKKlvvBCwaOcLjEw==",
      "requires": {
        "@babel/runtime": "7.4.5",
        "@fusioncharts/charts": "^3.15.0",
        "@fusioncharts/core": "^1.0.2",
        "@fusioncharts/datatable": "^1.0.2",
        "@fusioncharts/utils": "^1.0.2",
        "ramda": "^0.25.0"
      }
    },
    "@fusioncharts/maps": {
      "version": "3.15.0",
      "resolved": "https://registry.npmjs.org/@fusioncharts/maps/-/maps-3.15.0.tgz",
      "integrity": "sha512-lFxiXWo4szQcgFeZa831wR3LztBzvmr78Ckhiyvj0E78cUbEWvL+GNiSovIL6b/u365DFjrGtudDQalq/CknLA==",
      "requires": {
        "@babel/runtime": "7.4.5",
        "@fusioncharts/charts": "^3.15.0",
        "@fusioncharts/core": "^1.0.2",
        "@fusioncharts/features": "^1.0.2"
      }
    },
    "@fusioncharts/powercharts": {
      "version": "3.15.0-sr.1",
      "resolved": "https://registry.npmjs.org/@fusioncharts/powercharts/-/powercharts-3.15.0-sr.1.tgz",
      "integrity": "sha512-ZrTs5dxr1M1I7AZmBpGpqyJpVYIFGVeVFsdE7Kl+W6EnAUUDtcPOdzdHRjCNprGCfCgTcNn/7AXuIYrcZbmI1g==",
      "requires": {
        "@babel/runtime": "7.4.5",
        "@fusioncharts/charts": "^3.15.0",
        "@fusioncharts/core": "^1.0.2",
        "@fusioncharts/utils": "^1.0.2"
      }
    },
    "@fusioncharts/utils": {
      "version": "1.0.2",
      "resolved": "https://registry.npmjs.org/@fusioncharts/utils/-/utils-1.0.2.tgz",
      "integrity": "sha512-joDHLPeh3immpdBFGm6vDdNYRcsg2yjVxi0Cs2y2zUHIt+lZ2j8mgccACX4VbhxbiOFM9gCELTmWq58/RNFbIQ==",
      "requires": {
        "@babel/runtime": "7.4.5",
        "ramda": "^0.25.0"
      }
    },
    "@fusioncharts/widgets": {
      "version": "3.15.0",
      "resolved": "https://registry.npmjs.org/@fusioncharts/widgets/-/widgets-3.15.0.tgz",
      "integrity": "sha512-itOw44HsKdjfi8ZU6M1jbJ3fmWtSYK14gpRci8+vTvVfUHie5Q4cyv1sqIMEzIFR/491c+V+LdfltoFKueVLSA==",
      "requires": {
        "@babel/runtime": "7.4.5",
        "@fusioncharts/charts": "^3.15.0",
        "@fusioncharts/constructor": "^1.0.2",
        "@fusioncharts/core": "^1.0.2",
        "@fusioncharts/features": "^1.0.2",
        "@fusioncharts/utils": "^1.0.2"
      }
    },
    "bootstrap": {
      "version": "4.4.1",
      "resolved": "https://registry.npmjs.org/bootstrap/-/bootstrap-4.4.1.tgz",
      "integrity": "sha512-tbx5cHubwE6e2ZG7nqM3g/FZ5PQEDMWmMGNrCUBVRPHXTJaH7CBDdsLeu3eCh3B1tzAxTnAbtmrzvWEvT2NNEA=="
    },
    "core-js": {
      "version": "3.6.2",
      "resolved": "https://registry.npmjs.org/core-js/-/core-js-3.6.2.tgz",
      "integrity": "sha512-hIE5dXkRzRvnZ5vhkRfQxUvDxQZmD9oueA08jDYRBKJHx+VIl/Pne/e0A4x9LObEEthC/TqiZybUoNM4tRgnKg=="
    },
    "fusioncharts": {
      "version": "3.15.0-sr.1",
      "resolved": "https://registry.npmjs.org/fusioncharts/-/fusioncharts-3.15.0-sr.1.tgz",
      "integrity": "sha512-M8B6giCXWH0x6yalUmJTyBdIYRhacorzmTlnfMmfx9Kc66WAowxQwTlfTbLutKYXGsQTPH+QbXDjAOqH+f4uvg==",
      "requires": {
        "@babel/runtime": "7.4.5",
        "@fusioncharts/charts": "^3.15.0",
        "@fusioncharts/constructor": "^1.0.2",
        "@fusioncharts/core": "^1.0.2",
        "@fusioncharts/datatable": "^1.0.2",
        "@fusioncharts/features": "^1.0.2",
        "@fusioncharts/fusiontime": "^2.0.0",
        "@fusioncharts/maps": "^3.15.0",
        "@fusioncharts/powercharts": "^3.15.0-sr.1",
        "@fusioncharts/utils": "^1.0.2",
        "@fusioncharts/widgets": "^3.15.0",
        "mutationobserver-shim": "^0.3.3",
        "promise-polyfill": "^8.1.3"
      }
    },
    "jquery": {
      "version": "3.4.1",
      "resolved": "https://registry.npmjs.org/jquery/-/jquery-3.4.1.tgz",
      "integrity": "sha512-36+AdBzCL+y6qjw5Tx7HgzeGCzC81MDDgaUP8ld2zhx58HdqXGoBd+tHdrBMiyjGQs0Hxs/MLZTu/eHNJJuWPw=="
    },
    "jquery-ui": {
      "version": "1.12.1",
      "resolved": "https://registry.npmjs.org/jquery-ui/-/jquery-ui-1.12.1.tgz",
      "integrity": "sha1-vLQEXI3QU5wTS8FIjN0+dop6nlE="
    },
    "mutationobserver-shim": {
      "version": "0.3.3",
      "resolved": "https://registry.npmjs.org/mutationobserver-shim/-/mutationobserver-shim-0.3.3.tgz",
      "integrity": "sha512-gciOLNN8Vsf7YzcqRjKzlAJ6y7e+B86u7i3KXes0xfxx/nfLmozlW1Vn+Sc9x3tPIePFgc1AeIFhtRgkqTjzDQ=="
    },
    "pivottable": {
      "version": "2.23.0",
      "resolved": "https://registry.npmjs.org/pivottable/-/pivottable-2.23.0.tgz",
      "integrity": "sha512-6WRaiiI0mU5JxzNMWbtf3vfrBvBhBPIUbwu2Q7Nv7fVCxIvlmFqXSldMwmHAsiEFwdZdUrpQHqIu+N3jZUezyg==",
      "requires": {
        "jquery": ">=1.9.0"
      }
    },
    "promise-polyfill": {
      "version": "8.1.3",
      "resolved": "https://registry.npmjs.org/promise-polyfill/-/promise-polyfill-8.1.3.tgz",
      "integrity": "sha512-MG5r82wBzh7pSKDRa9y+vllNHz3e3d4CNj1PQE4BQYxLme0gKYYBm9YENq+UkEikyZ0XbiGWxYlVw3Rl9O/U8g=="
    },
    "ramda": {
      "version": "0.25.0",
      "resolved": "https://registry.npmjs.org/ramda/-/ramda-0.25.0.tgz",
      "integrity": "sha512-GXpfrYVPwx3K7RQ6aYT8KPS8XViSXUVJT1ONhoKPE9VAleW42YE+U+8VEyGWt41EnEQW7gwecYJriTI0pKoecQ=="
    },
    "regenerator-runtime": {
      "version": "0.13.3",
      "resolved": "https://registry.npmjs.org/regenerator-runtime/-/regenerator-runtime-0.13.3.tgz",
      "integrity": "sha512-naKIZz2GQ8JWh///G7L3X6LaQUAMp2lvb1rvwwsURe/VXwD6VMfr+/1NuNw3ag8v2kY1aQ/go5SNn79O9JU7yw=="
    }
  }
}
